
Microsoft Visual Studio Solution File, Format Version 12.00
# Visual Studio 15
VisualStudioVersion = 15.0.28307.489
MinimumVisualStudioVersion = 10.0.40219.1
Project("{8BC9CEB8-8B4A-11D0-8D11-00A0C91BC942}") = "ex7", "ex7\ex7.vcxproj", "{3EF16C2F-6CBD-451D-B3EC-FAA9700FB018}"
EndProject
Global
	GlobalSection(SolutionConfigurationPlatforms) = preSolution
		Debug|x64 = Debug|x64
		Debug|x86 = Debug|x86
		Release|x64 = Release|x64
		Release|x86 = Release|x86
	EndGlobalSection
	GlobalSection(ProjectConfigurationPlatforms) = postSolution
		{3EF16C2F-6CBD-451D-B3EC-FAA9700FB018}.Debug|x64.ActiveCfg = Debug|x64
		{3EF16C2F-6CBD-451D-B3EC-FAA9700FB018}.Debug|x64.Build.0 = Debug|x64
		{3EF16C2F-6CBD-451D-B3EC-FAA9700FB018}.Debug|x86.ActiveCfg = Debug|Win32
		{3EF16C2F-6CBD-451D-B3EC-FAA9700FB018}.Debug|x86.Build.0 = Debug|Win32
		{3EF16C2F-6CBD-451D-B3EC-FAA9700FB018}.Release|x64.ActiveCfg = Release|x64
		{3EF16C2F-6CBD-451D-B3EC-FAA9700FB018}.Release|x64.Build.0 = Release|x64
		{3EF16C2F-6CBD-451D-B3EC-FAA9700FB018}.Release|x86.ActiveCfg = Release|Win32
		{3EF16C2F-6CBD-451D-B3EC-FAA9700FB018}.Release|x86.Build.0 = Release|Win32
	EndGlobalSection
	GlobalSection(SolutionProperties) = preSolution
		HideSolutionNode = FALSE
	EndGlobalSection
	GlobalSection(ExtensibilityGlobals) = postSolution
		SolutionGuid = {8D7BBDB4-02A8-46DE-BF72-017796FBFAE8}
	EndGlobalSection
EndGlobal
