
Microsoft Visual Studio Solution File, Format Version 12.00
# Visual Studio 15
VisualStudioVersion = 15.0.28307.489
MinimumVisualStudioVersion = 10.0.40219.1
Project("{8BC9CEB8-8B4A-11D0-8D11-00A0C91BC942}") = "ex5", "ex5\ex5.vcxproj", "{B2AB4E83-671D-4C96-87A1-6179E2A79494}"
EndProject
Project("{8BC9CEB8-8B4A-11D0-8D11-00A0C91BC942}") = "Stack.app", "Stack.app\Stack.app.vcxproj", "{71F92925-239A-4D2D-ABAC-420D901E7CCA}"
EndProject
Global
	GlobalSection(SolutionConfigurationPlatforms) = preSolution
		Debug|x64 = Debug|x64
		Debug|x86 = Debug|x86
		Release|x64 = Release|x64
		Release|x86 = Release|x86
	EndGlobalSection
	GlobalSection(ProjectConfigurationPlatforms) = postSolution
		{B2AB4E83-671D-4C96-87A1-6179E2A79494}.Debug|x64.ActiveCfg = Debug|x64
		{B2AB4E83-671D-4C96-87A1-6179E2A79494}.Debug|x64.Build.0 = Debug|x64
		{B2AB4E83-671D-4C96-87A1-6179E2A79494}.Debug|x86.ActiveCfg = Debug|Win32
		{B2AB4E83-671D-4C96-87A1-6179E2A79494}.Debug|x86.Build.0 = Debug|Win32
		{B2AB4E83-671D-4C96-87A1-6179E2A79494}.Release|x64.ActiveCfg = Release|x64
		{B2AB4E83-671D-4C96-87A1-6179E2A79494}.Release|x64.Build.0 = Release|x64
		{B2AB4E83-671D-4C96-87A1-6179E2A79494}.Release|x86.ActiveCfg = Release|Win32
		{B2AB4E83-671D-4C96-87A1-6179E2A79494}.Release|x86.Build.0 = Release|Win32
		{71F92925-239A-4D2D-ABAC-420D901E7CCA}.Debug|x64.ActiveCfg = Debug|x64
		{71F92925-239A-4D2D-ABAC-420D901E7CCA}.Debug|x64.Build.0 = Debug|x64
		{71F92925-239A-4D2D-ABAC-420D901E7CCA}.Debug|x86.ActiveCfg = Debug|Win32
		{71F92925-239A-4D2D-ABAC-420D901E7CCA}.Debug|x86.Build.0 = Debug|Win32
		{71F92925-239A-4D2D-ABAC-420D901E7CCA}.Release|x64.ActiveCfg = Release|x64
		{71F92925-239A-4D2D-ABAC-420D901E7CCA}.Release|x64.Build.0 = Release|x64
		{71F92925-239A-4D2D-ABAC-420D901E7CCA}.Release|x86.ActiveCfg = Release|Win32
		{71F92925-239A-4D2D-ABAC-420D901E7CCA}.Release|x86.Build.0 = Release|Win32
	EndGlobalSection
	GlobalSection(SolutionProperties) = preSolution
		HideSolutionNode = FALSE
	EndGlobalSection
	GlobalSection(ExtensibilityGlobals) = postSolution
		SolutionGuid = {15FDCEF8-114E-4747-B4CD-CBE621EABE99}
	EndGlobalSection
EndGlobal
